
Microsoft Visual Studio Solution File, Format Version 12.00
# Visual Studio Version 17
VisualStudioVersion = 17.5.002.0
MinimumVisualStudioVersion = 10.0.40219.1
Project("{9A19103F-16F7-4668-BE54-9A1E7A4F7556}") = "midterm-part-2-jacalva", "midterm-part-2-jacalva.csproj", "{B8F74407-C0CE-4435-B25C-6D088ABEBDA6}"
EndProject
Global
	GlobalSection(SolutionConfigurationPlatforms) = preSolution
		Debug|Any CPU = Debug|Any CPU
		Release|Any CPU = Release|Any CPU
	EndGlobalSection
	GlobalSection(ProjectConfigurationPlatforms) = postSolution
		{B8F74407-C0CE-4435-B25C-6D088ABEBDA6}.Debug|Any CPU.ActiveCfg = Debug|Any CPU
		{B8F74407-C0CE-4435-B25C-6D088ABEBDA6}.Debug|Any CPU.Build.0 = Debug|Any CPU
		{B8F74407-C0CE-4435-B25C-6D088ABEBDA6}.Release|Any CPU.ActiveCfg = Release|Any CPU
		{B8F74407-C0CE-4435-B25C-6D088ABEBDA6}.Release|Any CPU.Build.0 = Release|Any CPU
	EndGlobalSection
	GlobalSection(SolutionProperties) = preSolution
		HideSolutionNode = FALSE
	EndGlobalSection
	GlobalSection(ExtensibilityGlobals) = postSolution
		SolutionGuid = {2F4CEAF2-BA62-43B1-8CE4-EDE8C8D38718}
	EndGlobalSection
EndGlobal
